// !$*UTF8*$!
{
	archiveVersion = 1;
	classes = {
	};
	objectVersion = 51;
	objects = {

/* Begin PBXBuildFile section */
		1FB2BEAFB4468CECB7DA15E2 /* Pods_Parstagram.framework in Frameworks */ = {isa = PBXBuildFile; fileRef = 8F9B126D733E6E3DD6B131D7 /* Pods_Parstagram.framework */; };
		460AD9C03B7CF3A16B554CA1 /* Pods_Parstagram_ParstagramUITests.framework in Frameworks */ = {isa = PBXBuildFile; fileRef = 6BB6790A44CA85FFDA428073 /* Pods_Parstagram_ParstagramUITests.framework */; };
		995D1A7F24035967005AB23D /* AppDelegate.swift in Sources */ = {isa = PBXBuildFile; fileRef = 995D1A7E24035967005AB23D /* AppDelegate.swift */; };
		995D1A8124035967005AB23D /* SceneDelegate.swift in Sources */ = {isa = PBXBuildFile; fileRef = 995D1A8024035967005AB23D /* SceneDelegate.swift */; };
		995D1A8624035967005AB23D /* Main.storyboard in Resources */ = {isa = PBXBuildFile; fileRef = 995D1A8424035967005AB23D /* Main.storyboard */; };
		995D1A882403596E005AB23D /* Assets.xcassets in Resources */ = {isa = PBXBuildFile; fileRef = 995D1A872403596E005AB23D /* Assets.xcassets */; };
		995D1A8B2403596E005AB23D /* LaunchScreen.storyboard in Resources */ = {isa = PBXBuildFile; fileRef = 995D1A892403596E005AB23D /* LaunchScreen.storyboard */; };
		995D1A962403596E005AB23D /* ParstagramTests.swift in Sources */ = {isa = PBXBuildFile; fileRef = 995D1A952403596E005AB23D /* ParstagramTests.swift */; };
		995D1AA12403596E005AB23D /* ParstagramUITests.swift in Sources */ = {isa = PBXBuildFile; fileRef = 995D1AA02403596E005AB23D /* ParstagramUITests.swift */; };
		995D1AAF240368E3005AB23D /* LoginViewController.swift in Sources */ = {isa = PBXBuildFile; fileRef = 995D1AAE240368E3005AB23D /* LoginViewController.swift */; };
		995D1AB1240368F7005AB23D /* FeedViewController.swift in Sources */ = {isa = PBXBuildFile; fileRef = 995D1AB0240368F7005AB23D /* FeedViewController.swift */; };
		995D1AB3240377A5005AB23D /* CameraViewController.swift in Sources */ = {isa = PBXBuildFile; fileRef = 995D1AB2240377A5005AB23D /* CameraViewController.swift */; };
		F0BA4C1542D788E85B8C77EA /* Pods_ParstagramTests.framework in Frameworks */ = {isa = PBXBuildFile; fileRef = 9EA002A102E85143AC6F3E39 /* Pods_ParstagramTests.framework */; };
/* End PBXBuildFile section */

/* Begin PBXContainerItemProxy section */
		995D1A922403596E005AB23D /* PBXContainerItemProxy */ = {
			isa = PBXContainerItemProxy;
			containerPortal = 995D1A7324035967005AB23D /* Project object */;
			proxyType = 1;
			remoteGlobalIDString = 995D1A7A24035967005AB23D;
			remoteInfo = Parstagram;
		};
		995D1A9D2403596E005AB23D /* PBXContainerItemProxy */ = {
			isa = PBXContainerItemProxy;
			containerPortal = 995D1A7324035967005AB23D /* Project object */;
			proxyType = 1;
			remoteGlobalIDString = 995D1A7A24035967005AB23D;
			remoteInfo = Parstagram;
		};
/* End PBXContainerItemProxy section */

/* Begin PBXFileReference section */
		30AA8DAB553E78EAC9831689 /* Pods-ParstagramTests.release.xcconfig */ = {isa = PBXFileReference; includeInIndex = 1; lastKnownFileType = text.xcconfig; name = "Pods-ParstagramTests.release.xcconfig"; path = "Target Support Files/Pods-ParstagramTests/Pods-ParstagramTests.release.xcconfig"; sourceTree = "<group>"; };
		6BB6790A44CA85FFDA428073 /* Pods_Parstagram_ParstagramUITests.framework */ = {isa = PBXFileReference; explicitFileType = wrapper.framework; includeInIndex = 0; path = Pods_Parstagram_ParstagramUITests.framework; sourceTree = BUILT_PRODUCTS_DIR; };
		825A659C2D3377184434B10A /* Pods-ParstagramTests.debug.xcconfig */ = {isa = PBXFileReference; includeInIndex = 1; lastKnownFileType = text.xcconfig; name = "Pods-ParstagramTests.debug.xcconfig"; path = "Target Support Files/Pods-ParstagramTests/Pods-ParstagramTests.debug.xcconfig"; sourceTree = "<group>"; };
		8F9B126D733E6E3DD6B131D7 /* Pods_Parstagram.framework */ = {isa = PBXFileReference; explicitFileType = wrapper.framework; includeInIndex = 0; path = Pods_Parstagram.framework; sourceTree = BUILT_PRODUCTS_DIR; };
		995D1A7B24035967005AB23D /* Parstagram.app */ = {isa = PBXFileReference; explicitFileType = wrapper.application; includeInIndex = 0; path = Parstagram.app; sourceTree = BUILT_PRODUCTS_DIR; };
		995D1A7E24035967005AB23D /* AppDelegate.swift */ = {isa = PBXFileReference; lastKnownFileType = sourcecode.swift; path = AppDelegate.swift; sourceTree = "<group>"; };
		995D1A8024035967005AB23D /* SceneDelegate.swift */ = {isa = PBXFileReference; lastKnownFileType = sourcecode.swift; path = SceneDelegate.swift; sourceTree = "<group>"; };
		995D1A8524035967005AB23D /* Base */ = {isa = PBXFileReference; lastKnownFileType = file.storyboard; name = Base; path = Base.lproj/Main.storyboard; sourceTree = "<group>"; };
		995D1A872403596E005AB23D /* Assets.xcassets */ = {isa = PBXFileReference; lastKnownFileType = folder.assetcatalog; path = Assets.xcassets; sourceTree = "<group>"; };
		995D1A8A2403596E005AB23D /* Base */ = {isa = PBXFileReference; lastKnownFileType = file.storyboard; name = Base; path = Base.lproj/LaunchScreen.storyboard; sourceTree = "<group>"; };
		995D1A8C2403596E005AB23D /* Info.plist */ = {isa = PBXFileReference; lastKnownFileType = text.plist.xml; path = Info.plist; sourceTree = "<group>"; };
		995D1A912403596E005AB23D /* ParstagramTests.xctest */ = {isa = PBXFileReference; explicitFileType = wrapper.cfbundle; includeInIndex = 0; path = ParstagramTests.xctest; sourceTree = BUILT_PRODUCTS_DIR; };
		995D1A952403596E005AB23D /* ParstagramTests.swift */ = {isa = PBXFileReference; lastKnownFileType = sourcecode.swift; path = ParstagramTests.swift; sourceTree = "<group>"; };
		995D1A972403596E005AB23D /* Info.plist */ = {isa = PBXFileReference; lastKnownFileType = text.plist.xml; path = Info.plist; sourceTree = "<group>"; };
		995D1A9C2403596E005AB23D /* ParstagramUITests.xctest */ = {isa = PBXFileReference; explicitFileType = wrapper.cfbundle; includeInIndex = 0; path = ParstagramUITests.xctest; sourceTree = BUILT_PRODUCTS_DIR; };
		995D1AA02403596E005AB23D /* ParstagramUITests.swift */ = {isa = PBXFileReference; lastKnownFileType = sourcecode.swift; path = ParstagramUITests.swift; sourceTree = "<group>"; };
		995D1AA22403596E005AB23D /* Info.plist */ = {isa = PBXFileReference; lastKnownFileType = text.plist.xml; path = Info.plist; sourceTree = "<group>"; };
		995D1AAE240368E3005AB23D /* LoginViewController.swift */ = {isa = PBXFileReference; lastKnownFileType = sourcecode.swift; path = LoginViewController.swift; sourceTree = "<group>"; };
		995D1AB0240368F7005AB23D /* FeedViewController.swift */ = {isa = PBXFileReference; lastKnownFileType = sourcecode.swift; path = FeedViewController.swift; sourceTree = "<group>"; };
		995D1AB2240377A5005AB23D /* CameraViewController.swift */ = {isa = PBXFileReference; lastKnownFileType = sourcecode.swift; path = CameraViewController.swift; sourceTree = "<group>"; };
		9EA002A102E85143AC6F3E39 /* Pods_ParstagramTests.framework */ = {isa = PBXFileReference; explicitFileType = wrapper.framework; includeInIndex = 0; path = Pods_ParstagramTests.framework; sourceTree = BUILT_PRODUCTS_DIR; };
		CA49DAC1B55F540FE8A42A32 /* Pods-Parstagram.debug.xcconfig */ = {isa = PBXFileReference; includeInIndex = 1; lastKnownFileType = text.xcconfig; name = "Pods-Parstagram.debug.xcconfig"; path = "Target Support Files/Pods-Parstagram/Pods-Parstagram.debug.xcconfig"; sourceTree = "<group>"; };
		D57AAC64A0D5C211BFC0927D /* Pods-Parstagram-ParstagramUITests.debug.xcconfig */ = {isa = PBXFileReference; includeInIndex = 1; lastKnownFileType = text.xcconfig; name = "Pods-Parstagram-ParstagramUITests.debug.xcconfig"; path = "Target Support Files/Pods-Parstagram-ParstagramUITests/Pods-Parstagram-ParstagramUITests.debug.xcconfig"; sourceTree = "<group>"; };
		D585871C70CF31689A1A2D70 /* Pods-Parstagram.release.xcconfig */ = {isa = PBXFileReference; includeInIndex = 1; lastKnownFileType = text.xcconfig; name = "Pods-Parstagram.release.xcconfig"; path = "Target Support Files/Pods-Parstagram/Pods-Parstagram.release.xcconfig"; sourceTree = "<group>"; };
		F429F6EC32D6CF563C2C5630 /* Pods-Parstagram-ParstagramUITests.release.xcconfig */ = {isa = PBXFileReference; includeInIndex = 1; lastKnownFileType = text.xcconfig; name = "Pods-Parstagram-ParstagramUITests.release.xcconfig"; path = "Target Support Files/Pods-Parstagram-ParstagramUITests/Pods-Parstagram-ParstagramUITests.release.xcconfig"; sourceTree = "<group>"; };
/* End PBXFileReference section */

/* Begin PBXFrameworksBuildPhase section */
		995D1A7824035967005AB23D /* Frameworks */ = {
			isa = PBXFrameworksBuildPhase;
			buildActionMask = 2147483647;
			files = (
				1FB2BEAFB4468CECB7DA15E2 /* Pods_Parstagram.framework in Frameworks */,
			);
			runOnlyForDeploymentPostprocessing = 0;
		};
		995D1A8E2403596E005AB23D /* Frameworks */ = {
			isa = PBXFrameworksBuildPhase;
			buildActionMask = 2147483647;
			files = (
				F0BA4C1542D788E85B8C77EA /* Pods_ParstagramTests.framework in Frameworks */,
			);
			runOnlyForDeploymentPostprocessing = 0;
		};
		995D1A992403596E005AB23D /* Frameworks */ = {
			isa = PBXFrameworksBuildPhase;
			buildActionMask = 2147483647;
			files = (
				460AD9C03B7CF3A16B554CA1 /* Pods_Parstagram_ParstagramUITests.framework in Frameworks */,
			);
			runOnlyForDeploymentPostprocessing = 0;
		};
/* End PBXFrameworksBuildPhase section */

/* Begin PBXGroup section */
		5C285DAD0435CA7763838CE3 /* Frameworks */ = {
			isa = PBXGroup;
			children = (
				8F9B126D733E6E3DD6B131D7 /* Pods_Parstagram.framework */,
				6BB6790A44CA85FFDA428073 /* Pods_Parstagram_ParstagramUITests.framework */,
				9EA002A102E85143AC6F3E39 /* Pods_ParstagramTests.framework */,
			);
			name = Frameworks;
			sourceTree = "<group>";
		};
		80834EABABA162026EAE12DC /* Pods */ = {
			isa = PBXGroup;
			children = (
				CA49DAC1B55F540FE8A42A32 /* Pods-Parstagram.debug.xcconfig */,
				D585871C70CF31689A1A2D70 /* Pods-Parstagram.release.xcconfig */,
				D57AAC64A0D5C211BFC0927D /* Pods-Parstagram-ParstagramUITests.debug.xcconfig */,
				F429F6EC32D6CF563C2C5630 /* Pods-Parstagram-ParstagramUITests.release.xcconfig */,
				825A659C2D3377184434B10A /* Pods-ParstagramTests.debug.xcconfig */,
				30AA8DAB553E78EAC9831689 /* Pods-ParstagramTests.release.xcconfig */,
			);
			path = Pods;
			sourceTree = "<group>";
		};
		995D1A7224035967005AB23D = {
			isa = PBXGroup;
			children = (
				995D1A7D24035967005AB23D /* Parstagram */,
				995D1A942403596E005AB23D /* ParstagramTests */,
				995D1A9F2403596E005AB23D /* ParstagramUITests */,
				995D1A7C24035967005AB23D /* Products */,
				80834EABABA162026EAE12DC /* Pods */,
				5C285DAD0435CA7763838CE3 /* Frameworks */,
			);
			sourceTree = "<group>";
		};
		995D1A7C24035967005AB23D /* Products */ = {
			isa = PBXGroup;
			children = (
				995D1A7B24035967005AB23D /* Parstagram.app */,
				995D1A912403596E005AB23D /* ParstagramTests.xctest */,
				995D1A9C2403596E005AB23D /* ParstagramUITests.xctest */,
			);
			name = Products;
			sourceTree = "<group>";
		};
		995D1A7D24035967005AB23D /* Parstagram */ = {
			isa = PBXGroup;
			children = (
				995D1A7E24035967005AB23D /* AppDelegate.swift */,
				995D1A8024035967005AB23D /* SceneDelegate.swift */,
				995D1A8424035967005AB23D /* Main.storyboard */,
				995D1A872403596E005AB23D /* Assets.xcassets */,
				995D1A892403596E005AB23D /* LaunchScreen.storyboard */,
				995D1A8C2403596E005AB23D /* Info.plist */,
				995D1AAE240368E3005AB23D /* LoginViewController.swift */,
				995D1AB0240368F7005AB23D /* FeedViewController.swift */,
				995D1AB2240377A5005AB23D /* CameraViewController.swift */,
			);
			path = Parstagram;
			sourceTree = "<group>";
		};
		995D1A942403596E005AB23D /* ParstagramTests */ = {
			isa = PBXGroup;
			children = (
				995D1A952403596E005AB23D /* ParstagramTests.swift */,
				995D1A972403596E005AB23D /* Info.plist */,
			);
			path = ParstagramTests;
			sourceTree = "<group>";
		};
		995D1A9F2403596E005AB23D /* ParstagramUITests */ = {
			isa = PBXGroup;
			children = (
				995D1AA02403596E005AB23D /* ParstagramUITests.swift */,
				995D1AA22403596E005AB23D /* Info.plist */,
			);
			path = ParstagramUITests;
			sourceTree = "<group>";
		};
/* End PBXGroup section */

/* Begin PBXNativeTarget section */
		995D1A7A24035967005AB23D /* Parstagram */ = {
			isa = PBXNativeTarget;
			buildConfigurationList = 995D1AA52403596E005AB23D /* Build configuration list for PBXNativeTarget "Parstagram" */;
			buildPhases = (
				CCF809DD1F38038405CF0895 /* [CP] Check Pods Manifest.lock */,
				995D1A7724035967005AB23D /* Sources */,
				995D1A7824035967005AB23D /* Frameworks */,
				995D1A7924035967005AB23D /* Resources */,
				19A06EDC256AE27C96F71330 /* [CP] Embed Pods Frameworks */,
			);
			buildRules = (
			);
			dependencies = (
			);
			name = Parstagram;
			productName = Parstagram;
			productReference = 995D1A7B24035967005AB23D /* Parstagram.app */;
			productType = "com.apple.product-type.application";
		};
		995D1A902403596E005AB23D /* ParstagramTests */ = {
			isa = PBXNativeTarget;
			buildConfigurationList = 995D1AA82403596E005AB23D /* Build configuration list for PBXNativeTarget "ParstagramTests" */;
			buildPhases = (
				1A3E28D6F1D3D0FAA0229102 /* [CP] Check Pods Manifest.lock */,
				995D1A8D2403596E005AB23D /* Sources */,
				995D1A8E2403596E005AB23D /* Frameworks */,
				995D1A8F2403596E005AB23D /* Resources */,
			);
			buildRules = (
			);
			dependencies = (
				995D1A932403596E005AB23D /* PBXTargetDependency */,
			);
			name = ParstagramTests;
			productName = ParstagramTests;
			productReference = 995D1A912403596E005AB23D /* ParstagramTests.xctest */;
			productType = "com.apple.product-type.bundle.unit-test";
		};
		995D1A9B2403596E005AB23D /* ParstagramUITests */ = {
			isa = PBXNativeTarget;
			buildConfigurationList = 995D1AAB2403596E005AB23D /* Build configuration list for PBXNativeTarget "ParstagramUITests" */;
			buildPhases = (
				2530FB12786BE41A94574931 /* [CP] Check Pods Manifest.lock */,
				995D1A982403596E005AB23D /* Sources */,
				995D1A992403596E005AB23D /* Frameworks */,
				995D1A9A2403596E005AB23D /* Resources */,
				C8D5AE77551DC70B75121C3A /* [CP] Embed Pods Frameworks */,
			);
			buildRules = (
			);
			dependencies = (
				995D1A9E2403596E005AB23D /* PBXTargetDependency */,
			);
			name = ParstagramUITests;
			productName = ParstagramUITests;
			productReference = 995D1A9C2403596E005AB23D /* ParstagramUITests.xctest */;
			productType = "com.apple.product-type.bundle.ui-testing";
		};
/* End PBXNativeTarget section */

/* Begin PBXProject section */
		995D1A7324035967005AB23D /* Project object */ = {
			isa = PBXProject;
			attributes = {
				LastSwiftUpdateCheck = 1130;
				LastUpgradeCheck = 1130;
				ORGANIZATIONNAME = "Leroy Orr";
				TargetAttributes = {
					995D1A7A24035967005AB23D = {
						CreatedOnToolsVersion = 11.3.1;
					};
					995D1A902403596E005AB23D = {
						CreatedOnToolsVersion = 11.3.1;
						TestTargetID = 995D1A7A24035967005AB23D;
					};
					995D1A9B2403596E005AB23D = {
						CreatedOnToolsVersion = 11.3.1;
						TestTargetID = 995D1A7A24035967005AB23D;
					};
				};
			};
			buildConfigurationList = 995D1A7624035967005AB23D /* Build configuration list for PBXProject "Parstagram" */;
			compatibilityVersion = "Xcode 9.3";
			developmentRegion = en;
			hasScannedForEncodings = 0;
			knownRegions = (
				en,
				Base,
			);
			mainGroup = 995D1A7224035967005AB23D;
			productRefGroup = 995D1A7C24035967005AB23D /* Products */;
			projectDirPath = "";
			projectRoot = "";
			targets = (
				995D1A7A24035967005AB23D /* Parstagram */,
				995D1A902403596E005AB23D /* ParstagramTests */,
				995D1A9B2403596E005AB23D /* ParstagramUITests */,
			);
		};
/* End PBXProject section */

/* Begin PBXResourcesBuildPhase section */
		995D1A7924035967005AB23D /* Resources */ = {
			isa = PBXResourcesBuildPhase;
			buildActionMask = 2147483647;
			files = (
				995D1A8B2403596E005AB23D /* LaunchScreen.storyboard in Resources */,
				995D1A882403596E005AB23D /* Assets.xcassets in Resources */,
				995D1A8624035967005AB23D /* Main.storyboard in Resources */,
			);
			runOnlyForDeploymentPostprocessing = 0;
		};
		995D1A8F2403596E005AB23D /* Resources */ = {
			isa = PBXResourcesBuildPhase;
			buildActionMask = 2147483647;
			files = (
			);
			runOnlyForDeploymentPostprocessing = 0;
		};
		995D1A9A2403596E005AB23D /* Resources */ = {
			isa = PBXResourcesBuildPhase;
			buildActionMask = 2147483647;
			files = (
			);
			runOnlyForDeploymentPostprocessing = 0;
		};
/* End PBXResourcesBuildPhase section */

/* Begin PBXShellScriptBuildPhase section */
		19A06EDC256AE27C96F71330 /* [CP] Embed Pods Frameworks */ = {
			isa = PBXShellScriptBuildPhase;
			buildActionMask = 2147483647;
			files = (
			);
			inputFileListPaths = (
				"${PODS_ROOT}/Target Support Files/Pods-Parstagram/Pods-Parstagram-frameworks-${CONFIGURATION}-input-files.xcfilelist",
			);
			name = "[CP] Embed Pods Frameworks";
			outputFileListPaths = (
				"${PODS_ROOT}/Target Support Files/Pods-Parstagram/Pods-Parstagram-frameworks-${CONFIGURATION}-output-files.xcfilelist",
			);
			runOnlyForDeploymentPostprocessing = 0;
			shellPath = /bin/sh;
			shellScript = "\"${PODS_ROOT}/Target Support Files/Pods-Parstagram/Pods-Parstagram-frameworks.sh\"\n";
			showEnvVarsInLog = 0;
		};
		1A3E28D6F1D3D0FAA0229102 /* [CP] Check Pods Manifest.lock */ = {
			isa = PBXShellScriptBuildPhase;
			buildActionMask = 2147483647;
			files = (
			);
			inputFileListPaths = (
			);
			inputPaths = (
				"${PODS_PODFILE_DIR_PATH}/Podfile.lock",
				"${PODS_ROOT}/Manifest.lock",
			);
			name = "[CP] Check Pods Manifest.lock";
			outputFileListPaths = (
			);
			outputPaths = (
				"$(DERIVED_FILE_DIR)/Pods-ParstagramTests-checkManifestLockResult.txt",
			);
			runOnlyForDeploymentPostprocessing = 0;
			shellPath = /bin/sh;
			shellScript = "diff \"${PODS_PODFILE_DIR_PATH}/Podfile.lock\" \"${PODS_ROOT}/Manifest.lock\" > /dev/null\nif [ $? != 0 ] ; then\n    # print error to STDERR\n    echo \"error: The sandbox is not in sync with the Podfile.lock. Run 'pod install' or update your CocoaPods installation.\" >&2\n    exit 1\nfi\n# This output is used by Xcode 'outputs' to avoid re-running this script phase.\necho \"SUCCESS\" > \"${SCRIPT_OUTPUT_FILE_0}\"\n";
			showEnvVarsInLog = 0;
		};
		2530FB12786BE41A94574931 /* [CP] Check Pods Manifest.lock */ = {
			isa = PBXShellScriptBuildPhase;
			buildActionMask = 2147483647;
			files = (
			);
			inputFileListPaths = (
			);
			inputPaths = (
				"${PODS_PODFILE_DIR_PATH}/Podfile.lock",
				"${PODS_ROOT}/Manifest.lock",
			);
			name = "[CP] Check Pods Manifest.lock";
			outputFileListPaths = (
			);
			outputPaths = (
				"$(DERIVED_FILE_DIR)/Pods-Parstagram-ParstagramUITests-checkManifestLockResult.txt",
			);
			runOnlyForDeploymentPostprocessing = 0;
			shellPath = /bin/sh;
			shellScript = "diff \"${PODS_PODFILE_DIR_PATH}/Podfile.lock\" \"${PODS_ROOT}/Manifest.lock\" > /dev/null\nif [ $? != 0 ] ; then\n    # print error to STDERR\n    echo \"error: The sandbox is not in sync with the Podfile.lock. Run 'pod install' or update your CocoaPods installation.\" >&2\n    exit 1\nfi\n# This output is used by Xcode 'outputs' to avoid re-running this script phase.\necho \"SUCCESS\" > \"${SCRIPT_OUTPUT_FILE_0}\"\n";
			showEnvVarsInLog = 0;
		};
		C8D5AE77551DC70B75121C3A /* [CP] Embed Pods Frameworks */ = {
			isa = PBXShellScriptBuildPhase;
			buildActionMask = 2147483647;
			files = (
			);
			inputFileListPaths = (
				"${PODS_ROOT}/Target Support Files/Pods-Parstagram-ParstagramUITests/Pods-Parstagram-ParstagramUITests-frameworks-${CONFIGURATION}-input-files.xcfilelist",
			);
			name = "[CP] Embed Pods Frameworks";
			outputFileListPaths = (
				"${PODS_ROOT}/Target Support Files/Pods-Parstagram-ParstagramUITests/Pods-Parstagram-ParstagramUITests-frameworks-${CONFIGURATION}-output-files.xcfilelist",
			);
			runOnlyForDeploymentPostprocessing = 0;
			shellPath = /bin/sh;
			shellScript = "\"${PODS_ROOT}/Target Support Files/Pods-Parstagram-ParstagramUITests/Pods-Parstagram-ParstagramUITests-frameworks.sh\"\n";
			showEnvVarsInLog = 0;
		};
		CCF809DD1F38038405CF0895 /* [CP] Check Pods Manifest.lock */ = {
			isa = PBXShellScriptBuildPhase;
			buildActionMask = 2147483647;
			files = (
			);
			inputFileListPaths = (
			);
			inputPaths = (
				"${PODS_PODFILE_DIR_PATH}/Podfile.lock",
				"${PODS_ROOT}/Manifest.lock",
			);
			name = "[CP] Check Pods Manifest.lock";
			outputFileListPaths = (
			);
			outputPaths = (
				"$(DERIVED_FILE_DIR)/Pods-Parstagram-checkManifestLockResult.txt",
			);
			runOnlyForDeploymentPostprocessing = 0;
			shellPath = /bin/sh;
			shellScript = "diff \"${PODS_PODFILE_DIR_PATH}/Podfile.lock\" \"${PODS_ROOT}/Manifest.lock\" > /dev/null\nif [ $? != 0 ] ; then\n    # print error to STDERR\n    echo \"error: The sandbox is not in sync with the Podfile.lock. Run 'pod install' or update your CocoaPods installation.\" >&2\n    exit 1\nfi\n# This output is used by Xcode 'outputs' to avoid re-running this script phase.\necho \"SUCCESS\" > \"${SCRIPT_OUTPUT_FILE_0}\"\n";
			showEnvVarsInLog = 0;
		};
/* End PBXShellScriptBuildPhase section */

/* Begin PBXSourcesBuildPhase section */
		995D1A7724035967005AB23D /* Sources */ = {
			isa = PBXSourcesBuildPhase;
			buildActionMask = 2147483647;
			files = (
				995D1AAF240368E3005AB23D /* LoginViewController.swift in Sources */,
				995D1AB3240377A5005AB23D /* CameraViewController.swift in Sources */,
				995D1A7F24035967005AB23D /* AppDelegate.swift in Sources */,
				995D1AB1240368F7005AB23D /* FeedViewController.swift in Sources */,
				995D1A8124035967005AB23D /* SceneDelegate.swift in Sources */,
			);
			runOnlyForDeploymentPostprocessing = 0;
		};
		995D1A8D2403596E005AB23D /* Sources */ = {
			isa = PBXSourcesBuildPhase;
			buildActionMask = 2147483647;
			files = (
				995D1A962403596E005AB23D /* ParstagramTests.swift in Sources */,
			);
			runOnlyForDeploymentPostprocessing = 0;
		};
		995D1A982403596E005AB23D /* Sources */ = {
			isa = PBXSourcesBuildPhase;
			buildActionMask = 2147483647;
			files = (
				995D1AA12403596E005AB23D /* ParstagramUITests.swift in Sources */,
			);
			runOnlyForDeploymentPostprocessing = 0;
		};
/* End PBXSourcesBuildPhase section */

/* Begin PBXTargetDependency section */
		995D1A932403596E005AB23D /* PBXTargetDependency */ = {
			isa = PBXTargetDependency;
			target = 995D1A7A24035967005AB23D /* Parstagram */;
			targetProxy = 995D1A922403596E005AB23D /* PBXContainerItemProxy */;
		};
		995D1A9E2403596E005AB23D /* PBXTargetDependency */ = {
			isa = PBXTargetDependency;
			target = 995D1A7A24035967005AB23D /* Parstagram */;
			targetProxy = 995D1A9D2403596E005AB23D /* PBXContainerItemProxy */;
		};
/* End PBXTargetDependency section */

/* Begin PBXVariantGroup section */
		995D1A8424035967005AB23D /* Main.storyboard */ = {
			isa = PBXVariantGroup;
			children = (
				995D1A8524035967005AB23D /* Base */,
			);
			name = Main.storyboard;
			sourceTree = "<group>";
		};
		995D1A892403596E005AB23D /* LaunchScreen.storyboard */ = {
			isa = PBXVariantGroup;
			children = (
				995D1A8A2403596E005AB23D /* Base */,
			);
			name = LaunchScreen.storyboard;
			sourceTree = "<group>";
		};
/* End PBXVariantGroup section */

/* Begin XCBuildConfiguration section */
		995D1AA32403596E005AB23D /* Debug */ = {
			isa = XCBuildConfiguration;
			buildSettings = {
				ALWAYS_SEARCH_USER_PATHS = NO;
				CLANG_ANALYZER_NONNULL = YES;
				CLANG_ANALYZER_NUMBER_OBJECT_CONVERSION = YES_AGGRESSIVE;
				CLANG_CXX_LANGUAGE_STANDARD = "gnu++14";
				CLANG_CXX_LIBRARY = "libc++";
				CLANG_ENABLE_MODULES = YES;
				CLANG_ENABLE_OBJC_ARC = YES;
				CLANG_ENABLE_OBJC_WEAK = YES;
				CLANG_WARN_BLOCK_CAPTURE_AUTORELEASING = YES;
				CLANG_WARN_BOOL_CONVERSION = YES;
				CLANG_WARN_COMMA = YES;
				CLANG_WARN_CONSTANT_CONVERSION = YES;
				CLANG_WARN_DEPRECATED_OBJC_IMPLEMENTATIONS = YES;
				CLANG_WARN_DIRECT_OBJC_ISA_USAGE = YES_ERROR;
				CLANG_WARN_DOCUMENTATION_COMMENTS = YES;
				CLANG_WARN_EMPTY_BODY = YES;
				CLANG_WARN_ENUM_CONVERSION = YES;
				CLANG_WARN_INFINITE_RECURSION = YES;
				CLANG_WARN_INT_CONVERSION = YES;
				CLANG_WARN_NON_LITERAL_NULL_CONVERSION = YES;
				CLANG_WARN_OBJC_IMPLICIT_RETAIN_SELF = YES;
				CLANG_WARN_OBJC_LITERAL_CONVERSION = YES;
				CLANG_WARN_OBJC_ROOT_CLASS = YES_ERROR;
				CLANG_WARN_RANGE_LOOP_ANALYSIS = YES;
				CLANG_WARN_STRICT_PROTOTYPES = YES;
				CLANG_WARN_SUSPICIOUS_MOVE = YES;
				CLANG_WARN_UNGUARDED_AVAILABILITY = YES_AGGRESSIVE;
				CLANG_WARN_UNREACHABLE_CODE = YES;
				CLANG_WARN__DUPLICATE_METHOD_MATCH = YES;
				COPY_PHASE_STRIP = NO;
				DEBUG_INFORMATION_FORMAT = dwarf;
				ENABLE_STRICT_OBJC_MSGSEND = YES;
				ENABLE_TESTABILITY = YES;
				GCC_C_LANGUAGE_STANDARD = gnu11;
				GCC_DYNAMIC_NO_PIC = NO;
				GCC_NO_COMMON_BLOCKS = YES;
				GCC_OPTIMIZATION_LEVEL = 0;
				GCC_PREPROCESSOR_DEFINITIONS = (
					"DEBUG=1",
					"$(inherited)",
				);
				GCC_WARN_64_TO_32_BIT_CONVERSION = YES;
				GCC_WARN_ABOUT_RETURN_TYPE = YES_ERROR;
				GCC_WARN_UNDECLARED_SELECTOR = YES;
				GCC_WARN_UNINITIALIZED_AUTOS = YES_AGGRESSIVE;
				GCC_WARN_UNUSED_FUNCTION = YES;
				GCC_WARN_UNUSED_VARIABLE = YES;
				IPHONEOS_DEPLOYMENT_TARGET = 13.2;
				MTL_ENABLE_DEBUG_INFO = INCLUDE_SOURCE;
				MTL_FAST_MATH = YES;
				ONLY_ACTIVE_ARCH = YES;
				SDKROOT = iphoneos;
				SWIFT_ACTIVE_COMPILATION_CONDITIONS = DEBUG;
				SWIFT_OPTIMIZATION_LEVEL = "-Onone";
			};
			name = Debug;
		};
		995D1AA42403596E005AB23D /* Release */ = {
			isa = XCBuildConfiguration;
			buildSettings = {
				ALWAYS_SEARCH_USER_PATHS = NO;
				CLANG_ANALYZER_NONNULL = YES;
				CLANG_ANALYZER_NUMBER_OBJECT_CONVERSION = YES_AGGRESSIVE;
				CLANG_CXX_LANGUAGE_STANDARD = "gnu++14";
				CLANG_CXX_LIBRARY = "libc++";
				CLANG_ENABLE_MODULES = YES;
				CLANG_ENABLE_OBJC_ARC = YES;
				CLANG_ENABLE_OBJC_WEAK = YES;
				CLANG_WARN_BLOCK_CAPTURE_AUTORELEASING = YES;
				CLANG_WARN_BOOL_CONVERSION = YES;
				CLANG_WARN_COMMA = YES;
				CLANG_WARN_CONSTANT_CONVERSION = YES;
				CLANG_WARN_DEPRECATED_OBJC_IMPLEMENTATIONS = YES;
				CLANG_WARN_DIRECT_OBJC_ISA_USAGE = YES_ERROR;
				CLANG_WARN_DOCUMENTATION_COMMENTS = YES;
				CLANG_WARN_EMPTY_BODY = YES;
				CLANG_WARN_ENUM_CONVERSION = YES;
				CLANG_WARN_INFINITE_RECURSION = YES;
				CLANG_WARN_INT_CONVERSION = YES;
				CLANG_WARN_NON_LITERAL_NULL_CONVERSION = YES;
				CLANG_WARN_OBJC_IMPLICIT_RETAIN_SELF = YES;
				CLANG_WARN_OBJC_LITERAL_CONVERSION = YES;
				CLANG_WARN_OBJC_ROOT_CLASS = YES_ERROR;
				CLANG_WARN_RANGE_LOOP_ANALYSIS = YES;
				CLANG_WARN_STRICT_PROTOTYPES = YES;
				CLANG_WARN_SUSPICIOUS_MOVE = YES;
				CLANG_WARN_UNGUARDED_AVAILABILITY = YES_AGGRESSIVE;
				CLANG_WARN_UNREACHABLE_CODE = YES;
				CLANG_WARN__DUPLICATE_METHOD_MATCH = YES;
				COPY_PHASE_STRIP = NO;
				DEBUG_INFORMATION_FORMAT = "dwarf-with-dsym";
				ENABLE_NS_ASSERTIONS = NO;
				ENABLE_STRICT_OBJC_MSGSEND = YES;
				GCC_C_LANGUAGE_STANDARD = gnu11;
				GCC_NO_COMMON_BLOCKS = YES;
				GCC_WARN_64_TO_32_BIT_CONVERSION = YES;
				GCC_WARN_ABOUT_RETURN_TYPE = YES_ERROR;
				GCC_WARN_UNDECLARED_SELECTOR = YES;
				GCC_WARN_UNINITIALIZED_AUTOS = YES_AGGRESSIVE;
				GCC_WARN_UNUSED_FUNCTION = YES;
				GCC_WARN_UNUSED_VARIABLE = YES;
				IPHONEOS_DEPLOYMENT_TARGET = 13.2;
				MTL_ENABLE_DEBUG_INFO = NO;
				MTL_FAST_MATH = YES;
				SDKROOT = iphoneos;
				SWIFT_COMPILATION_MODE = wholemodule;
				SWIFT_OPTIMIZATION_LEVEL = "-O";
				VALIDATE_PRODUCT = YES;
			};
			name = Release;
		};
		995D1AA62403596E005AB23D /* Debug */ = {
			isa = XCBuildConfiguration;
			baseConfigurationReference = CA49DAC1B55F540FE8A42A32 /* Pods-Parstagram.debug.xcconfig */;
			buildSettings = {
				ASSETCATALOG_COMPILER_APPICON_NAME = AppIcon;
				CODE_SIGN_STYLE = Automatic;
				DEVELOPMENT_TEAM = MH24G49SSA;
				INFOPLIST_FILE = Parstagram/Info.plist;
				LD_RUNPATH_SEARCH_PATHS = (
					"$(inherited)",
					"@executable_path/Frameworks",
				);
				PRODUCT_BUNDLE_IDENTIFIER = com.LeroyOrr.Parstagram;
				PRODUCT_NAME = "$(TARGET_NAME)";
				SWIFT_VERSION = 5.0;
				TARGETED_DEVICE_FAMILY = "1,2";
			};
			name = Debug;
		};
		995D1AA72403596E005AB23D /* Release */ = {
			isa = XCBuildConfiguration;
			baseConfigurationReference = D585871C70CF31689A1A2D70 /* Pods-Parstagram.release.xcconfig */;
			buildSettings = {
				ASSETCATALOG_COMPILER_APPICON_NAME = AppIcon;
				CODE_SIGN_STYLE = Automatic;
				DEVELOPMENT_TEAM = MH24G49SSA;
				INFOPLIST_FILE = Parstagram/Info.plist;
				LD_RUNPATH_SEARCH_PATHS = (
					"$(inherited)",
					"@executable_path/Frameworks",
				);
				PRODUCT_BUNDLE_IDENTIFIER = com.LeroyOrr.Parstagram;
				PRODUCT_NAME = "$(TARGET_NAME)";
				SWIFT_VERSION = 5.0;
				TARGETED_DEVICE_FAMILY = "1,2";
			};
			name = Release;
		};
		995D1AA92403596E005AB23D /* Debug */ = {
			isa = XCBuildConfiguration;
			baseConfigurationReference = 825A659C2D3377184434B10A /* Pods-ParstagramTests.debug.xcconfig */;
			buildSettings = {
				ALWAYS_EMBED_SWIFT_STANDARD_LIBRARIES = YES;
				BUNDLE_LOADER = "$(TEST_HOST)";
				CODE_SIGN_STYLE = Automatic;
				DEVELOPMENT_TEAM = MH24G49SSA;
				INFOPLIST_FILE = ParstagramTests/Info.plist;
				IPHONEOS_DEPLOYMENT_TARGET = 13.2;
				LD_RUNPATH_SEARCH_PATHS = (
					"$(inherited)",
					"@executable_path/Frameworks",
					"@loader_path/Frameworks",
				);
				PRODUCT_BUNDLE_IDENTIFIER = com.LeroyOrr.ParstagramTests;
				PRODUCT_NAME = "$(TARGET_NAME)";
				SWIFT_VERSION = 5.0;
				TARGETED_DEVICE_FAMILY = "1,2";
				TEST_HOST = "$(BUILT_PRODUCTS_DIR)/Parstagram.app/Parstagram";
			};
			name = Debug;
		};
		995D1AAA2403596E005AB23D /* Release */ = {
			isa = XCBuildConfiguration;
			baseConfigurationReference = 30AA8DAB553E78EAC9831689 /* Pods-ParstagramTests.release.xcconfig */;
			buildSettings = {
				ALWAYS_EMBED_SWIFT_STANDARD_LIBRARIES = YES;
				BUNDLE_LOADER = "$(TEST_HOST)";
				CODE_SIGN_STYLE = Automatic;
				DEVELOPMENT_TEAM = MH24G49SSA;
				INFOPLIST_FILE = ParstagramTests/Info.plist;
				IPHONEOS_DEPLOYMENT_TARGET = 13.2;
				LD_RUNPATH_SEARCH_PATHS = (
					"$(inherited)",
					"@executable_path/Frameworks",
					"@loader_path/Frameworks",
				);
				PRODUCT_BUNDLE_IDENTIFIER = com.LeroyOrr.ParstagramTests;
				PRODUCT_NAME = "$(TARGET_NAME)";
				SWIFT_VERSION = 5.0;
				TARGETED_DEVICE_FAMILY = "1,2";
				TEST_HOST = "$(BUILT_PRODUCTS_DIR)/Parstagram.app/Parstagram";
			};
			name = Release;
		};
		995D1AAC2403596E005AB23D /* Debug */ = {
			isa = XCBuildConfiguration;
			baseConfigurationReference = D57AAC64A0D5C211BFC0927D /* Pods-Parstagram-ParstagramUITests.debug.xcconfig */;
			buildSettings = {
				ALWAYS_EMBED_SWIFT_STANDARD_LIBRARIES = YES;
				CODE_SIGN_STYLE = Automatic;
				DEVELOPMENT_TEAM = MH24G49SSA;
				INFOPLIST_FILE = ParstagramUITests/Info.plist;
				LD_RUNPATH_SEARCH_PATHS = (
					"$(inherited)",
					"@executable_path/Frameworks",
					"@loader_path/Frameworks",
				);
				PRODUCT_BUNDLE_IDENTIFIER = com.LeroyOrr.ParstagramUITests;
				PRODUCT_NAME = "$(TARGET_NAME)";
				SWIFT_VERSION = 5.0;
				TARGETED_DEVICE_FAMILY = "1,2";
				TEST_TARGET_NAME = Parstagram;
			};
			name = Debug;
		};
		995D1AAD2403596E005AB23D /* Release */ = {
			isa = XCBuildConfiguration;
			baseConfigurationReference = F429F6EC32D6CF563C2C5630 /* Pods-Parstagram-ParstagramUITests.release.xcconfig */;
			buildSettings = {
				ALWAYS_EMBED_SWIFT_STANDARD_LIBRARIES = YES;
				CODE_SIGN_STYLE = Automatic;
				DEVELOPMENT_TEAM = MH24G49SSA;
				INFOPLIST_FILE = ParstagramUITests/Info.plist;
				LD_RUNPATH_SEARCH_PATHS = (
					"$(inherited)",
					"@executable_path/Frameworks",
					"@loader_path/Frameworks",
				);
				PRODUCT_BUNDLE_IDENTIFIER = com.LeroyOrr.ParstagramUITests;
				PRODUCT_NAME = "$(TARGET_NAME)";
				SWIFT_VERSION = 5.0;
				TARGETED_DEVICE_FAMILY = "1,2";
				TEST_TARGET_NAME = Parstagram;
			};
			name = Release;
		};
/* End XCBuildConfiguration section */

/* Begin XCConfigurationList section */
		995D1A7624035967005AB23D /* Build configuration list for PBXProject "Parstagram" */ = {
			isa = XCConfigurationList;
			buildConfigurations = (
				995D1AA32403596E005AB23D /* Debug */,
				995D1AA42403596E005AB23D /* Release */,
			);
			defaultConfigurationIsVisible = 0;
			defaultConfigurationName = Release;
		};
		995D1AA52403596E005AB23D /* Build configuration list for PBXNativeTarget "Parstagram" */ = {
			isa = XCConfigurationList;
			buildConfigurations = (
				995D1AA62403596E005AB23D /* Debug */,
				995D1AA72403596E005AB23D /* Release */,
			);
			defaultConfigurationIsVisible = 0;
			defaultConfigurationName = Release;
		};
		995D1AA82403596E005AB23D /* Build configuration list for PBXNativeTarget "ParstagramTests" */ = {
			isa = XCConfigurationList;
			buildConfigurations = (
				995D1AA92403596E005AB23D /* Debug */,
				995D1AAA2403596E005AB23D /* Release */,
			);
			defaultConfigurationIsVisible = 0;
			defaultConfigurationName = Release;
		};
		995D1AAB2403596E005AB23D /* Build configuration list for PBXNativeTarget "ParstagramUITests" */ = {
			isa = XCConfigurationList;
			buildConfigurations = (
				995D1AAC2403596E005AB23D /* Debug */,
				995D1AAD2403596E005AB23D /* Release */,
			);
			defaultConfigurationIsVisible = 0;
			defaultConfigurationName = Release;
		};
/* End XCConfigurationList section */
	};
	rootObject = 995D1A7324035967005AB23D /* Project object */;
}
